{
  "pins" : [
    {
      "identity" : "horizoncalendar",
      "kind" : "remoteSourceControl",
      "location" : "https://github.com/airbnb/HorizonCalendar",
      "state" : {
        "branch" : "master",
        "revision" : "b065198f6880424a7367a4c9b47de489758ce38a"
      }
    }
  ],
  "version" : 2
}
