// !$*UTF8*$!
{
	archiveVersion = 1;
	classes = {
	};
	objectVersion = 56;
	objects = {

/* Begin PBXBuildFile section */
		A6033E552A12DC5D002B56EE /* AppDelegate.swift in Sources */ = {isa = PBXBuildFile; fileRef = A6033E542A12DC5D002B56EE /* AppDelegate.swift */; };
		A6033E592A12DC5D002B56EE /* WelcomeViewController.swift in Sources */ = {isa = PBXBuildFile; fileRef = A6033E582A12DC5D002B56EE /* WelcomeViewController.swift */; };
		A6033E5E2A12DC5E002B56EE /* Assets.xcassets in Resources */ = {isa = PBXBuildFile; fileRef = A6033E5D2A12DC5E002B56EE /* Assets.xcassets */; };
		A6033E612A12DC5E002B56EE /* LaunchScreen.storyboard in Resources */ = {isa = PBXBuildFile; fileRef = A6033E5F2A12DC5E002B56EE /* LaunchScreen.storyboard */; };
		A6033E6C2A12DF32002B56EE /* WelcomeView.swift in Sources */ = {isa = PBXBuildFile; fileRef = A6033E6B2A12DF32002B56EE /* WelcomeView.swift */; };
		A6033E752A12E416002B56EE /* LoginView.swift in Sources */ = {isa = PBXBuildFile; fileRef = A6033E742A12E416002B56EE /* LoginView.swift */; };
		A6033E7A2A12E5A9002B56EE /* TextFieldComponentView.swift in Sources */ = {isa = PBXBuildFile; fileRef = A6033E792A12E5A9002B56EE /* TextFieldComponentView.swift */; };
		A61A8F7C2A14327E009D08EE /* UIView.swift in Sources */ = {isa = PBXBuildFile; fileRef = A61A8F7B2A14327E009D08EE /* UIView.swift */; };
		A61A8F7E2A14345F009D08EE /* LoginViewController.swift in Sources */ = {isa = PBXBuildFile; fileRef = A61A8F7D2A14345F009D08EE /* LoginViewController.swift */; };
		A61A8F802A143559009D08EE /* LoginInteractor.swift in Sources */ = {isa = PBXBuildFile; fileRef = A61A8F7F2A143559009D08EE /* LoginInteractor.swift */; };
		A61A8F822A1435EB009D08EE /* LoginCoordinator.swift in Sources */ = {isa = PBXBuildFile; fileRef = A61A8F812A1435EB009D08EE /* LoginCoordinator.swift */; };
		A61A8F862A143668009D08EE /* LoginWorker.swift in Sources */ = {isa = PBXBuildFile; fileRef = A61A8F852A143668009D08EE /* LoginWorker.swift */; };
		A61A8F882A143906009D08EE /* LoginPresenter.swift in Sources */ = {isa = PBXBuildFile; fileRef = A61A8F872A143906009D08EE /* LoginPresenter.swift */; };
		A61A8F8A2A143A74009D08EE /* LoginFactory.swift in Sources */ = {isa = PBXBuildFile; fileRef = A61A8F892A143A74009D08EE /* LoginFactory.swift */; };
		A61A8F8D2A144175009D08EE /* ErrorComponentViewController.swift in Sources */ = {isa = PBXBuildFile; fileRef = A61A8F8C2A144175009D08EE /* ErrorComponentViewController.swift */; };
		A61A8F902A14418B009D08EE /* ErrorComponentView.swift in Sources */ = {isa = PBXBuildFile; fileRef = A61A8F8F2A14418B009D08EE /* ErrorComponentView.swift */; };
		A61A8F922A144251009D08EE /* ErrorComponentViewModel.swift in Sources */ = {isa = PBXBuildFile; fileRef = A61A8F912A144251009D08EE /* ErrorComponentViewModel.swift */; };
		A61A8F9C2A1C1E21009D08EE /* ForgotPasswordView.swift in Sources */ = {isa = PBXBuildFile; fileRef = A61A8F9B2A1C1E21009D08EE /* ForgotPasswordView.swift */; };
		A61A8F9F2A1C20FA009D08EE /* ForgotPasswordViewController.swift in Sources */ = {isa = PBXBuildFile; fileRef = A61A8F9E2A1C20FA009D08EE /* ForgotPasswordViewController.swift */; };
		A61A8FA12A1C21FA009D08EE /* ForgotPasswordInteractor.swift in Sources */ = {isa = PBXBuildFile; fileRef = A61A8FA02A1C21FA009D08EE /* ForgotPasswordInteractor.swift */; };
		A61A8FA32A1C2299009D08EE /* ForgotPasswordCoordinator.swift in Sources */ = {isa = PBXBuildFile; fileRef = A61A8FA22A1C2299009D08EE /* ForgotPasswordCoordinator.swift */; };
		A61A8FA52A1C23C3009D08EE /* ForgotPasswordWorker.swift in Sources */ = {isa = PBXBuildFile; fileRef = A61A8FA42A1C23C3009D08EE /* ForgotPasswordWorker.swift */; };
		A61A8FA72A1C27E2009D08EE /* ForgotPasswordPresenter.swift in Sources */ = {isa = PBXBuildFile; fileRef = A61A8FA62A1C27E2009D08EE /* ForgotPasswordPresenter.swift */; };
		A61A8FA92A1C2918009D08EE /* ForgotPasswordFactory.swift in Sources */ = {isa = PBXBuildFile; fileRef = A61A8FA82A1C2918009D08EE /* ForgotPasswordFactory.swift */; };
		A61A8FB22A1C2DE8009D08EE /* HomeView.swift in Sources */ = {isa = PBXBuildFile; fileRef = A61A8FB12A1C2DE8009D08EE /* HomeView.swift */; };
		A61A8FB52A1C2E2B009D08EE /* UserModel.swift in Sources */ = {isa = PBXBuildFile; fileRef = A61A8FB42A1C2E2B009D08EE /* UserModel.swift */; };
		A61A8FBA2A1C2F54009D08EE /* InternalLinkRedirect.swift in Sources */ = {isa = PBXBuildFile; fileRef = A61A8FB92A1C2F53009D08EE /* InternalLinkRedirect.swift */; };
		A61A8FBE2A1C3031009D08EE /* HomeHeaderView.swift in Sources */ = {isa = PBXBuildFile; fileRef = A61A8FBD2A1C3031009D08EE /* HomeHeaderView.swift */; };
		A61A8FC02A1C334C009D08EE /* HomeHeaderViewModel.swift in Sources */ = {isa = PBXBuildFile; fileRef = A61A8FBF2A1C334C009D08EE /* HomeHeaderViewModel.swift */; };
		A680E10A2A24109F008FA008 /* Team.swift in Sources */ = {isa = PBXBuildFile; fileRef = A680E1092A24109F008FA008 /* Team.swift */; };
		A680E10C2A2410AA008FA008 /* WeekTeamViewModel.swift in Sources */ = {isa = PBXBuildFile; fileRef = A680E10B2A2410AA008FA008 /* WeekTeamViewModel.swift */; };
		A680E10E2A2410EF008FA008 /* WeekTeamView.swift in Sources */ = {isa = PBXBuildFile; fileRef = A680E10D2A2410EF008FA008 /* WeekTeamView.swift */; };
		A680E1102A241392008FA008 /* WeekTeamViewController.swift in Sources */ = {isa = PBXBuildFile; fileRef = A680E10F2A241392008FA008 /* WeekTeamViewController.swift */; };
		A6993E0F2A2BA10500C2BDE3 /* UIColor.swift in Sources */ = {isa = PBXBuildFile; fileRef = A6993E0E2A2BA10500C2BDE3 /* UIColor.swift */; };
		A6993E112A2BA46700C2BDE3 /* FirstPlaceGiftsViewModel.swift in Sources */ = {isa = PBXBuildFile; fileRef = A6993E102A2BA46700C2BDE3 /* FirstPlaceGiftsViewModel.swift */; };
		A6993E142A2BA5B400C2BDE3 /* RankingViewModel.swift in Sources */ = {isa = PBXBuildFile; fileRef = A6993E132A2BA5B400C2BDE3 /* RankingViewModel.swift */; };
		A6993E162A2BA60700C2BDE3 /* CommonnPlacesViewModel.swift in Sources */ = {isa = PBXBuildFile; fileRef = A6993E152A2BA60700C2BDE3 /* CommonnPlacesViewModel.swift */; };
		A6993E182A2BB53B00C2BDE3 /* RankingInteractor.swift in Sources */ = {isa = PBXBuildFile; fileRef = A6993E172A2BB53B00C2BDE3 /* RankingInteractor.swift */; };
		A6993E1A2A2BB5A700C2BDE3 /* RankingWorker.swift in Sources */ = {isa = PBXBuildFile; fileRef = A6993E192A2BB5A700C2BDE3 /* RankingWorker.swift */; };
		A6993E1C2A2BBB5C00C2BDE3 /* RankingPresenter.swift in Sources */ = {isa = PBXBuildFile; fileRef = A6993E1B2A2BBB5C00C2BDE3 /* RankingPresenter.swift */; };
		A6993E1F2A2BBCC300C2BDE3 /* RankingCoordinator.swift in Sources */ = {isa = PBXBuildFile; fileRef = A6993E1E2A2BBCC300C2BDE3 /* RankingCoordinator.swift */; };
		A6993E212A2BBEF900C2BDE3 /* RankingFactory.swift in Sources */ = {isa = PBXBuildFile; fileRef = A6993E202A2BBEF900C2BDE3 /* RankingFactory.swift */; };
		A6993E2C2A2BFB0100C2BDE3 /* PersonalInformationsView.swift in Sources */ = {isa = PBXBuildFile; fileRef = A6993E2B2A2BFB0100C2BDE3 /* PersonalInformationsView.swift */; };
		A6993E2F2A2BFB1900C2BDE3 /* PersonalInformationsViewController.swift in Sources */ = {isa = PBXBuildFile; fileRef = A6993E2E2A2BFB1900C2BDE3 /* PersonalInformationsViewController.swift */; };
		A6993E312A2BFB2900C2BDE3 /* PersonalInformationsWorker.swift in Sources */ = {isa = PBXBuildFile; fileRef = A6993E302A2BFB2900C2BDE3 /* PersonalInformationsWorker.swift */; };
		A6993E332A2BFB3300C2BDE3 /* PersonalInformationsPresenter.swift in Sources */ = {isa = PBXBuildFile; fileRef = A6993E322A2BFB3300C2BDE3 /* PersonalInformationsPresenter.swift */; };
		A6993E352A2BFB4300C2BDE3 /* PersonalInformationsInteractor.swift in Sources */ = {isa = PBXBuildFile; fileRef = A6993E342A2BFB4300C2BDE3 /* PersonalInformationsInteractor.swift */; };
		A6993E372A2BFB5400C2BDE3 /* PersonalInformationsViewModel.swift in Sources */ = {isa = PBXBuildFile; fileRef = A6993E362A2BFB5400C2BDE3 /* PersonalInformationsViewModel.swift */; };
		A6993E392A2BFB6400C2BDE3 /* PersonalInformationsFactory.swift in Sources */ = {isa = PBXBuildFile; fileRef = A6993E382A2BFB6400C2BDE3 /* PersonalInformationsFactory.swift */; };
		A6993E3B2A2BFB6D00C2BDE3 /* PersonalInformationsCoordinator.swift in Sources */ = {isa = PBXBuildFile; fileRef = A6993E3A2A2BFB6D00C2BDE3 /* PersonalInformationsCoordinator.swift */; };
		A6993E3E2A2E99D500C2BDE3 /* PickerComponent.swift in Sources */ = {isa = PBXBuildFile; fileRef = A6993E3D2A2E99D500C2BDE3 /* PickerComponent.swift */; };
		A6A741612A2550FF009A7998 /* WeekTeamListItemView.swift in Sources */ = {isa = PBXBuildFile; fileRef = A6A741602A2550FF009A7998 /* WeekTeamListItemView.swift */; };
		A6A741642A255360009A7998 /* WeekTeamListViewModel.swift in Sources */ = {isa = PBXBuildFile; fileRef = A6A741632A255360009A7998 /* WeekTeamListViewModel.swift */; };
		A6A741662A2561ED009A7998 /* WeekTeamInteractor.swift in Sources */ = {isa = PBXBuildFile; fileRef = A6A741652A2561ED009A7998 /* WeekTeamInteractor.swift */; };
		A6A741682A2562C3009A7998 /* WeekTeamPresenter.swift in Sources */ = {isa = PBXBuildFile; fileRef = A6A741672A2562C3009A7998 /* WeekTeamPresenter.swift */; };
		A6A7416A2A2566DA009A7998 /* WeekTeamFactory.swift in Sources */ = {isa = PBXBuildFile; fileRef = A6A741692A2566DA009A7998 /* WeekTeamFactory.swift */; };
		A6A741752A26B39B009A7998 /* GamesHistoryView.swift in Sources */ = {isa = PBXBuildFile; fileRef = A6A741742A26B39B009A7998 /* GamesHistoryView.swift */; };
		A6A741792A26B3BB009A7998 /* GamesHistoryViewController.swift in Sources */ = {isa = PBXBuildFile; fileRef = A6A741782A26B3BB009A7998 /* GamesHistoryViewController.swift */; };
		A6A7417D2A26B470009A7998 /* GameCardView.swift in Sources */ = {isa = PBXBuildFile; fileRef = A6A7417C2A26B470009A7998 /* GameCardView.swift */; };
		A6A7417F2A26B794009A7998 /* GameCardViewModel.swift in Sources */ = {isa = PBXBuildFile; fileRef = A6A7417E2A26B794009A7998 /* GameCardViewModel.swift */; };
		A6A741812A26C121009A7998 /* GamesHistoryInteractor.swift in Sources */ = {isa = PBXBuildFile; fileRef = A6A741802A26C121009A7998 /* GamesHistoryInteractor.swift */; };
		A6A741832A26C183009A7998 /* GamesHistoryWorker.swift in Sources */ = {isa = PBXBuildFile; fileRef = A6A741822A26C183009A7998 /* GamesHistoryWorker.swift */; };
		A6A741872A26C2B7009A7998 /* GamesHistoryPresenter.swift in Sources */ = {isa = PBXBuildFile; fileRef = A6A741862A26C2B7009A7998 /* GamesHistoryPresenter.swift */; };
		A6A7418A2A26C2F6009A7998 /* GamesHistoryCoordinator.swift in Sources */ = {isa = PBXBuildFile; fileRef = A6A741892A26C2F6009A7998 /* GamesHistoryCoordinator.swift */; };
		A6A7418C2A26C4B3009A7998 /* GameHistoryViewFactory.swift in Sources */ = {isa = PBXBuildFile; fileRef = A6A7418B2A26C4B3009A7998 /* GameHistoryViewFactory.swift */; };
		A6CFD5702A29394B00A37696 /* RankingViewController.swift in Sources */ = {isa = PBXBuildFile; fileRef = A6CFD56F2A29394B00A37696 /* RankingViewController.swift */; };
		A6CFD5732A29395900A37696 /* RankingView.swift in Sources */ = {isa = PBXBuildFile; fileRef = A6CFD5722A29395900A37696 /* RankingView.swift */; };
		A6CFD5762A29397C00A37696 /* FirstPlacesGiftsView.swift in Sources */ = {isa = PBXBuildFile; fileRef = A6CFD5752A29397C00A37696 /* FirstPlacesGiftsView.swift */; };
		A6CFD57B2A2939FD00A37696 /* FirstPlacesDifferentView.swift in Sources */ = {isa = PBXBuildFile; fileRef = A6CFD57A2A2939FD00A37696 /* FirstPlacesDifferentView.swift */; };
		A6CFD57D2A293A0600A37696 /* CommonnPlacesView.swift in Sources */ = {isa = PBXBuildFile; fileRef = A6CFD57C2A293A0600A37696 /* CommonnPlacesView.swift */; };
		A6CFD57F2A293A8500A37696 /* BarAndThrophyView.swift in Sources */ = {isa = PBXBuildFile; fileRef = A6CFD57E2A293A8500A37696 /* BarAndThrophyView.swift */; };
		A6CFD5832A293EAF00A37696 /* BarAndTrophyViewModel.swift in Sources */ = {isa = PBXBuildFile; fileRef = A6CFD5822A293EAF00A37696 /* BarAndTrophyViewModel.swift */; };
		A6E0E9E52A2020CF00121515 /* CurrentTeamCardView.swift in Sources */ = {isa = PBXBuildFile; fileRef = A6E0E9E42A2020CF00121515 /* CurrentTeamCardView.swift */; };
		A6E0E9EA2A202A0500121515 /* HomeCoordinator.swift in Sources */ = {isa = PBXBuildFile; fileRef = A6E0E9E92A202A0500121515 /* HomeCoordinator.swift */; };
		A6E0E9EC2A202A7C00121515 /* HomeInteractor.swift in Sources */ = {isa = PBXBuildFile; fileRef = A6E0E9EB2A202A7C00121515 /* HomeInteractor.swift */; };
		A6E0E9EE2A202B3D00121515 /* HomePresenter.swift in Sources */ = {isa = PBXBuildFile; fileRef = A6E0E9ED2A202B3D00121515 /* HomePresenter.swift */; };
		A6E0E9F22A20327600121515 /* HomeFactory.swift in Sources */ = {isa = PBXBuildFile; fileRef = A6E0E9F12A20327600121515 /* HomeFactory.swift */; };
		A6E5BB2F2A1D889E00ADE47F /* HomeViewModel.swift in Sources */ = {isa = PBXBuildFile; fileRef = A6E5BB2E2A1D889E00ADE47F /* HomeViewModel.swift */; };
		A6E5BB322A1D893A00ADE47F /* UserAlertWarningViewModel.swift in Sources */ = {isa = PBXBuildFile; fileRef = A6E5BB312A1D893A00ADE47F /* UserAlertWarningViewModel.swift */; };
		A6E5BB362A1D89AF00ADE47F /* UserAlertWarningView.swift in Sources */ = {isa = PBXBuildFile; fileRef = A6E5BB352A1D89AF00ADE47F /* UserAlertWarningView.swift */; };
		A6E5BB382A1D8CCA00ADE47F /* UIStackView.swift in Sources */ = {isa = PBXBuildFile; fileRef = A6E5BB372A1D8CCA00ADE47F /* UIStackView.swift */; };
		A6E5BB3B2A1EB74200ADE47F /* MenuItemView.swift in Sources */ = {isa = PBXBuildFile; fileRef = A6E5BB3A2A1EB74200ADE47F /* MenuItemView.swift */; };
		A6E5BB3E2A1EB75500ADE47F /* MenuItemViewModel.swift in Sources */ = {isa = PBXBuildFile; fileRef = A6E5BB3D2A1EB75500ADE47F /* MenuItemViewModel.swift */; };
		A6E5BB402A1EB88900ADE47F /* HomeViewController.swift in Sources */ = {isa = PBXBuildFile; fileRef = A6E5BB3F2A1EB88900ADE47F /* HomeViewController.swift */; };
/* End PBXBuildFile section */

/* Begin PBXFileReference section */
		A6033E512A12DC5D002B56EE /* PerebasFC.app */ = {isa = PBXFileReference; explicitFileType = wrapper.application; includeInIndex = 0; path = PerebasFC.app; sourceTree = BUILT_PRODUCTS_DIR; };
		A6033E542A12DC5D002B56EE /* AppDelegate.swift */ = {isa = PBXFileReference; lastKnownFileType = sourcecode.swift; path = AppDelegate.swift; sourceTree = "<group>"; };
		A6033E582A12DC5D002B56EE /* WelcomeViewController.swift */ = {isa = PBXFileReference; lastKnownFileType = sourcecode.swift; path = WelcomeViewController.swift; sourceTree = "<group>"; };
		A6033E5D2A12DC5E002B56EE /* Assets.xcassets */ = {isa = PBXFileReference; lastKnownFileType = folder.assetcatalog; path = Assets.xcassets; sourceTree = "<group>"; };
		A6033E602A12DC5E002B56EE /* Base */ = {isa = PBXFileReference; lastKnownFileType = file.storyboard; name = Base; path = Base.lproj/LaunchScreen.storyboard; sourceTree = "<group>"; };
		A6033E622A12DC5E002B56EE /* Info.plist */ = {isa = PBXFileReference; lastKnownFileType = text.plist.xml; path = Info.plist; sourceTree = "<group>"; };
		A6033E6B2A12DF32002B56EE /* WelcomeView.swift */ = {isa = PBXFileReference; lastKnownFileType = sourcecode.swift; path = WelcomeView.swift; sourceTree = "<group>"; };
		A6033E742A12E416002B56EE /* LoginView.swift */ = {isa = PBXFileReference; lastKnownFileType = sourcecode.swift; path = LoginView.swift; sourceTree = "<group>"; };
		A6033E792A12E5A9002B56EE /* TextFieldComponentView.swift */ = {isa = PBXFileReference; lastKnownFileType = sourcecode.swift; path = TextFieldComponentView.swift; sourceTree = "<group>"; };
		A61A8F7B2A14327E009D08EE /* UIView.swift */ = {isa = PBXFileReference; lastKnownFileType = sourcecode.swift; path = UIView.swift; sourceTree = "<group>"; };
		A61A8F7D2A14345F009D08EE /* LoginViewController.swift */ = {isa = PBXFileReference; lastKnownFileType = sourcecode.swift; path = LoginViewController.swift; sourceTree = "<group>"; };
		A61A8F7F2A143559009D08EE /* LoginInteractor.swift */ = {isa = PBXFileReference; lastKnownFileType = sourcecode.swift; path = LoginInteractor.swift; sourceTree = "<group>"; };
		A61A8F812A1435EB009D08EE /* LoginCoordinator.swift */ = {isa = PBXFileReference; lastKnownFileType = sourcecode.swift; path = LoginCoordinator.swift; sourceTree = "<group>"; };
		A61A8F852A143668009D08EE /* LoginWorker.swift */ = {isa = PBXFileReference; lastKnownFileType = sourcecode.swift; path = LoginWorker.swift; sourceTree = "<group>"; };
		A61A8F872A143906009D08EE /* LoginPresenter.swift */ = {isa = PBXFileReference; lastKnownFileType = sourcecode.swift; path = LoginPresenter.swift; sourceTree = "<group>"; };
		A61A8F892A143A74009D08EE /* LoginFactory.swift */ = {isa = PBXFileReference; lastKnownFileType = sourcecode.swift; path = LoginFactory.swift; sourceTree = "<group>"; };
		A61A8F8C2A144175009D08EE /* ErrorComponentViewController.swift */ = {isa = PBXFileReference; lastKnownFileType = sourcecode.swift; path = ErrorComponentViewController.swift; sourceTree = "<group>"; };
		A61A8F8F2A14418B009D08EE /* ErrorComponentView.swift */ = {isa = PBXFileReference; lastKnownFileType = sourcecode.swift; path = ErrorComponentView.swift; sourceTree = "<group>"; };
		A61A8F912A144251009D08EE /* ErrorComponentViewModel.swift */ = {isa = PBXFileReference; lastKnownFileType = sourcecode.swift; path = ErrorComponentViewModel.swift; sourceTree = "<group>"; };
		A61A8F9B2A1C1E21009D08EE /* ForgotPasswordView.swift */ = {isa = PBXFileReference; lastKnownFileType = sourcecode.swift; path = ForgotPasswordView.swift; sourceTree = "<group>"; };
		A61A8F9E2A1C20FA009D08EE /* ForgotPasswordViewController.swift */ = {isa = PBXFileReference; lastKnownFileType = sourcecode.swift; path = ForgotPasswordViewController.swift; sourceTree = "<group>"; };
		A61A8FA02A1C21FA009D08EE /* ForgotPasswordInteractor.swift */ = {isa = PBXFileReference; lastKnownFileType = sourcecode.swift; path = ForgotPasswordInteractor.swift; sourceTree = "<group>"; };
		A61A8FA22A1C2299009D08EE /* ForgotPasswordCoordinator.swift */ = {isa = PBXFileReference; lastKnownFileType = sourcecode.swift; path = ForgotPasswordCoordinator.swift; sourceTree = "<group>"; };
		A61A8FA42A1C23C3009D08EE /* ForgotPasswordWorker.swift */ = {isa = PBXFileReference; lastKnownFileType = sourcecode.swift; path = ForgotPasswordWorker.swift; sourceTree = "<group>"; };
		A61A8FA62A1C27E2009D08EE /* ForgotPasswordPresenter.swift */ = {isa = PBXFileReference; lastKnownFileType = sourcecode.swift; path = ForgotPasswordPresenter.swift; sourceTree = "<group>"; };
		A61A8FA82A1C2918009D08EE /* ForgotPasswordFactory.swift */ = {isa = PBXFileReference; lastKnownFileType = sourcecode.swift; path = ForgotPasswordFactory.swift; sourceTree = "<group>"; };
		A61A8FB12A1C2DE8009D08EE /* HomeView.swift */ = {isa = PBXFileReference; lastKnownFileType = sourcecode.swift; path = HomeView.swift; sourceTree = "<group>"; };
		A61A8FB42A1C2E2B009D08EE /* UserModel.swift */ = {isa = PBXFileReference; lastKnownFileType = sourcecode.swift; path = UserModel.swift; sourceTree = "<group>"; };
		A61A8FB92A1C2F53009D08EE /* InternalLinkRedirect.swift */ = {isa = PBXFileReference; lastKnownFileType = sourcecode.swift; path = InternalLinkRedirect.swift; sourceTree = "<group>"; };
		A61A8FBD2A1C3031009D08EE /* HomeHeaderView.swift */ = {isa = PBXFileReference; lastKnownFileType = sourcecode.swift; path = HomeHeaderView.swift; sourceTree = "<group>"; };
		A61A8FBF2A1C334C009D08EE /* HomeHeaderViewModel.swift */ = {isa = PBXFileReference; lastKnownFileType = sourcecode.swift; path = HomeHeaderViewModel.swift; sourceTree = "<group>"; };
		A680E1092A24109F008FA008 /* Team.swift */ = {isa = PBXFileReference; lastKnownFileType = sourcecode.swift; path = Team.swift; sourceTree = "<group>"; };
		A680E10B2A2410AA008FA008 /* WeekTeamViewModel.swift */ = {isa = PBXFileReference; lastKnownFileType = sourcecode.swift; path = WeekTeamViewModel.swift; sourceTree = "<group>"; };
		A680E10D2A2410EF008FA008 /* WeekTeamView.swift */ = {isa = PBXFileReference; lastKnownFileType = sourcecode.swift; path = WeekTeamView.swift; sourceTree = "<group>"; };
		A680E10F2A241392008FA008 /* WeekTeamViewController.swift */ = {isa = PBXFileReference; lastKnownFileType = sourcecode.swift; path = WeekTeamViewController.swift; sourceTree = "<group>"; };
		A6993E0E2A2BA10500C2BDE3 /* UIColor.swift */ = {isa = PBXFileReference; lastKnownFileType = sourcecode.swift; path = UIColor.swift; sourceTree = "<group>"; };
		A6993E102A2BA46700C2BDE3 /* FirstPlaceGiftsViewModel.swift */ = {isa = PBXFileReference; lastKnownFileType = sourcecode.swift; path = FirstPlaceGiftsViewModel.swift; sourceTree = "<group>"; };
		A6993E132A2BA5B400C2BDE3 /* RankingViewModel.swift */ = {isa = PBXFileReference; lastKnownFileType = sourcecode.swift; path = RankingViewModel.swift; sourceTree = "<group>"; };
		A6993E152A2BA60700C2BDE3 /* CommonnPlacesViewModel.swift */ = {isa = PBXFileReference; lastKnownFileType = sourcecode.swift; path = CommonnPlacesViewModel.swift; sourceTree = "<group>"; };
		A6993E172A2BB53B00C2BDE3 /* RankingInteractor.swift */ = {isa = PBXFileReference; lastKnownFileType = sourcecode.swift; path = RankingInteractor.swift; sourceTree = "<group>"; };
		A6993E192A2BB5A700C2BDE3 /* RankingWorker.swift */ = {isa = PBXFileReference; lastKnownFileType = sourcecode.swift; path = RankingWorker.swift; sourceTree = "<group>"; };
		A6993E1B2A2BBB5C00C2BDE3 /* RankingPresenter.swift */ = {isa = PBXFileReference; lastKnownFileType = sourcecode.swift; path = RankingPresenter.swift; sourceTree = "<group>"; };
		A6993E1E2A2BBCC300C2BDE3 /* RankingCoordinator.swift */ = {isa = PBXFileReference; lastKnownFileType = sourcecode.swift; path = RankingCoordinator.swift; sourceTree = "<group>"; };
		A6993E202A2BBEF900C2BDE3 /* RankingFactory.swift */ = {isa = PBXFileReference; lastKnownFileType = sourcecode.swift; path = RankingFactory.swift; sourceTree = "<group>"; };
		A6993E2B2A2BFB0100C2BDE3 /* PersonalInformationsView.swift */ = {isa = PBXFileReference; lastKnownFileType = sourcecode.swift; path = PersonalInformationsView.swift; sourceTree = "<group>"; };
		A6993E2E2A2BFB1900C2BDE3 /* PersonalInformationsViewController.swift */ = {isa = PBXFileReference; lastKnownFileType = sourcecode.swift; path = PersonalInformationsViewController.swift; sourceTree = "<group>"; };
		A6993E302A2BFB2900C2BDE3 /* PersonalInformationsWorker.swift */ = {isa = PBXFileReference; lastKnownFileType = sourcecode.swift; path = PersonalInformationsWorker.swift; sourceTree = "<group>"; };
		A6993E322A2BFB3300C2BDE3 /* PersonalInformationsPresenter.swift */ = {isa = PBXFileReference; lastKnownFileType = sourcecode.swift; path = PersonalInformationsPresenter.swift; sourceTree = "<group>"; };
		A6993E342A2BFB4300C2BDE3 /* PersonalInformationsInteractor.swift */ = {isa = PBXFileReference; lastKnownFileType = sourcecode.swift; path = PersonalInformationsInteractor.swift; sourceTree = "<group>"; };
		A6993E362A2BFB5400C2BDE3 /* PersonalInformationsViewModel.swift */ = {isa = PBXFileReference; lastKnownFileType = sourcecode.swift; path = PersonalInformationsViewModel.swift; sourceTree = "<group>"; };
		A6993E382A2BFB6400C2BDE3 /* PersonalInformationsFactory.swift */ = {isa = PBXFileReference; lastKnownFileType = sourcecode.swift; path = PersonalInformationsFactory.swift; sourceTree = "<group>"; };
		A6993E3A2A2BFB6D00C2BDE3 /* PersonalInformationsCoordinator.swift */ = {isa = PBXFileReference; lastKnownFileType = sourcecode.swift; path = PersonalInformationsCoordinator.swift; sourceTree = "<group>"; };
		A6993E3D2A2E99D500C2BDE3 /* PickerComponent.swift */ = {isa = PBXFileReference; lastKnownFileType = sourcecode.swift; path = PickerComponent.swift; sourceTree = "<group>"; };
		A6A741602A2550FF009A7998 /* WeekTeamListItemView.swift */ = {isa = PBXFileReference; lastKnownFileType = sourcecode.swift; path = WeekTeamListItemView.swift; sourceTree = "<group>"; };
		A6A741632A255360009A7998 /* WeekTeamListViewModel.swift */ = {isa = PBXFileReference; lastKnownFileType = sourcecode.swift; path = WeekTeamListViewModel.swift; sourceTree = "<group>"; };
		A6A741652A2561ED009A7998 /* WeekTeamInteractor.swift */ = {isa = PBXFileReference; lastKnownFileType = sourcecode.swift; path = WeekTeamInteractor.swift; sourceTree = "<group>"; };
		A6A741672A2562C3009A7998 /* WeekTeamPresenter.swift */ = {isa = PBXFileReference; lastKnownFileType = sourcecode.swift; path = WeekTeamPresenter.swift; sourceTree = "<group>"; };
		A6A741692A2566DA009A7998 /* WeekTeamFactory.swift */ = {isa = PBXFileReference; lastKnownFileType = sourcecode.swift; path = WeekTeamFactory.swift; sourceTree = "<group>"; };
		A6A741742A26B39B009A7998 /* GamesHistoryView.swift */ = {isa = PBXFileReference; lastKnownFileType = sourcecode.swift; path = GamesHistoryView.swift; sourceTree = "<group>"; };
		A6A741782A26B3BB009A7998 /* GamesHistoryViewController.swift */ = {isa = PBXFileReference; lastKnownFileType = sourcecode.swift; path = GamesHistoryViewController.swift; sourceTree = "<group>"; };
		A6A7417C2A26B470009A7998 /* GameCardView.swift */ = {isa = PBXFileReference; lastKnownFileType = sourcecode.swift; path = GameCardView.swift; sourceTree = "<group>"; };
		A6A7417E2A26B794009A7998 /* GameCardViewModel.swift */ = {isa = PBXFileReference; lastKnownFileType = sourcecode.swift; path = GameCardViewModel.swift; sourceTree = "<group>"; };
		A6A741802A26C121009A7998 /* GamesHistoryInteractor.swift */ = {isa = PBXFileReference; lastKnownFileType = sourcecode.swift; path = GamesHistoryInteractor.swift; sourceTree = "<group>"; };
		A6A741822A26C183009A7998 /* GamesHistoryWorker.swift */ = {isa = PBXFileReference; lastKnownFileType = sourcecode.swift; path = GamesHistoryWorker.swift; sourceTree = "<group>"; };
		A6A741862A26C2B7009A7998 /* GamesHistoryPresenter.swift */ = {isa = PBXFileReference; lastKnownFileType = sourcecode.swift; path = GamesHistoryPresenter.swift; sourceTree = "<group>"; };
		A6A741892A26C2F6009A7998 /* GamesHistoryCoordinator.swift */ = {isa = PBXFileReference; lastKnownFileType = sourcecode.swift; path = GamesHistoryCoordinator.swift; sourceTree = "<group>"; };
		A6A7418B2A26C4B3009A7998 /* GameHistoryViewFactory.swift */ = {isa = PBXFileReference; lastKnownFileType = sourcecode.swift; path = GameHistoryViewFactory.swift; sourceTree = "<group>"; };
		A6CFD56F2A29394B00A37696 /* RankingViewController.swift */ = {isa = PBXFileReference; lastKnownFileType = sourcecode.swift; path = RankingViewController.swift; sourceTree = "<group>"; };
		A6CFD5722A29395900A37696 /* RankingView.swift */ = {isa = PBXFileReference; lastKnownFileType = sourcecode.swift; path = RankingView.swift; sourceTree = "<group>"; };
		A6CFD5752A29397C00A37696 /* FirstPlacesGiftsView.swift */ = {isa = PBXFileReference; lastKnownFileType = sourcecode.swift; path = FirstPlacesGiftsView.swift; sourceTree = "<group>"; };
		A6CFD57A2A2939FD00A37696 /* FirstPlacesDifferentView.swift */ = {isa = PBXFileReference; lastKnownFileType = sourcecode.swift; path = FirstPlacesDifferentView.swift; sourceTree = "<group>"; };
		A6CFD57C2A293A0600A37696 /* CommonnPlacesView.swift */ = {isa = PBXFileReference; lastKnownFileType = sourcecode.swift; path = CommonnPlacesView.swift; sourceTree = "<group>"; };
		A6CFD57E2A293A8500A37696 /* BarAndThrophyView.swift */ = {isa = PBXFileReference; lastKnownFileType = sourcecode.swift; path = BarAndThrophyView.swift; sourceTree = "<group>"; };
		A6CFD5822A293EAF00A37696 /* BarAndTrophyViewModel.swift */ = {isa = PBXFileReference; lastKnownFileType = sourcecode.swift; path = BarAndTrophyViewModel.swift; sourceTree = "<group>"; };
		A6E0E9E42A2020CF00121515 /* CurrentTeamCardView.swift */ = {isa = PBXFileReference; lastKnownFileType = sourcecode.swift; path = CurrentTeamCardView.swift; sourceTree = "<group>"; };
		A6E0E9E92A202A0500121515 /* HomeCoordinator.swift */ = {isa = PBXFileReference; lastKnownFileType = sourcecode.swift; path = HomeCoordinator.swift; sourceTree = "<group>"; };
		A6E0E9EB2A202A7C00121515 /* HomeInteractor.swift */ = {isa = PBXFileReference; lastKnownFileType = sourcecode.swift; path = HomeInteractor.swift; sourceTree = "<group>"; };
		A6E0E9ED2A202B3D00121515 /* HomePresenter.swift */ = {isa = PBXFileReference; lastKnownFileType = sourcecode.swift; path = HomePresenter.swift; sourceTree = "<group>"; };
		A6E0E9F12A20327600121515 /* HomeFactory.swift */ = {isa = PBXFileReference; lastKnownFileType = sourcecode.swift; path = HomeFactory.swift; sourceTree = "<group>"; };
		A6E5BB2E2A1D889E00ADE47F /* HomeViewModel.swift */ = {isa = PBXFileReference; lastKnownFileType = sourcecode.swift; path = HomeViewModel.swift; sourceTree = "<group>"; };
		A6E5BB312A1D893A00ADE47F /* UserAlertWarningViewModel.swift */ = {isa = PBXFileReference; lastKnownFileType = sourcecode.swift; path = UserAlertWarningViewModel.swift; sourceTree = "<group>"; };
		A6E5BB352A1D89AF00ADE47F /* UserAlertWarningView.swift */ = {isa = PBXFileReference; lastKnownFileType = sourcecode.swift; path = UserAlertWarningView.swift; sourceTree = "<group>"; };
		A6E5BB372A1D8CCA00ADE47F /* UIStackView.swift */ = {isa = PBXFileReference; lastKnownFileType = sourcecode.swift; path = UIStackView.swift; sourceTree = "<group>"; };
		A6E5BB3A2A1EB74200ADE47F /* MenuItemView.swift */ = {isa = PBXFileReference; lastKnownFileType = sourcecode.swift; path = MenuItemView.swift; sourceTree = "<group>"; };
		A6E5BB3D2A1EB75500ADE47F /* MenuItemViewModel.swift */ = {isa = PBXFileReference; lastKnownFileType = sourcecode.swift; path = MenuItemViewModel.swift; sourceTree = "<group>"; };
		A6E5BB3F2A1EB88900ADE47F /* HomeViewController.swift */ = {isa = PBXFileReference; lastKnownFileType = sourcecode.swift; path = HomeViewController.swift; sourceTree = "<group>"; };
/* End PBXFileReference section */

/* Begin PBXFrameworksBuildPhase section */
		A6033E4E2A12DC5D002B56EE /* Frameworks */ = {
			isa = PBXFrameworksBuildPhase;
			buildActionMask = 2147483647;
			files = (
			);
			runOnlyForDeploymentPostprocessing = 0;
		};
/* End PBXFrameworksBuildPhase section */

/* Begin PBXGroup section */
		A6033E482A12DC5D002B56EE = {
			isa = PBXGroup;
			children = (
				A6033E532A12DC5D002B56EE /* PerebasFC */,
				A6033E522A12DC5D002B56EE /* Products */,
			);
			sourceTree = "<group>";
		};
		A6033E522A12DC5D002B56EE /* Products */ = {
			isa = PBXGroup;
			children = (
				A6033E512A12DC5D002B56EE /* PerebasFC.app */,
			);
			name = Products;
			sourceTree = "<group>";
		};
		A6033E532A12DC5D002B56EE /* PerebasFC */ = {
			isa = PBXGroup;
			children = (
				A680E1012A24104C008FA008 /* Features */,
				A6033E542A12DC5D002B56EE /* AppDelegate.swift */,
				A6033E5D2A12DC5E002B56EE /* Assets.xcassets */,
				A6033E5F2A12DC5E002B56EE /* LaunchScreen.storyboard */,
				A6033E622A12DC5E002B56EE /* Info.plist */,
			);
			path = PerebasFC;
			sourceTree = "<group>";
		};
		A6033E682A12DF19002B56EE /* Welcome */ = {
			isa = PBXGroup;
			children = (
				A6033E6B2A12DF32002B56EE /* WelcomeView.swift */,
				A6033E582A12DC5D002B56EE /* WelcomeViewController.swift */,
			);
			path = Welcome;
			sourceTree = "<group>";
		};
		A6033E6D2A12E390002B56EE /* Login */ = {
			isa = PBXGroup;
			children = (
				A6033E6F2A12E3AC002B56EE /* Coordinator */,
				A6033E722A12E3C0002B56EE /* Factory */,
				A6033E732A12E3D3002B56EE /* Interactor */,
				A6033E712A12E3BA002B56EE /* Presenter */,
				A6033E6E2A12E3A5002B56EE /* View */,
				A6033E702A12E3B5002B56EE /* Worker */,
			);
			path = Login;
			sourceTree = "<group>";
		};
		A6033E6E2A12E3A5002B56EE /* View */ = {
			isa = PBXGroup;
			children = (
				A6033E742A12E416002B56EE /* LoginView.swift */,
				A61A8F7D2A14345F009D08EE /* LoginViewController.swift */,
			);
			path = View;
			sourceTree = "<group>";
		};
		A6033E6F2A12E3AC002B56EE /* Coordinator */ = {
			isa = PBXGroup;
			children = (
				A61A8F812A1435EB009D08EE /* LoginCoordinator.swift */,
			);
			path = Coordinator;
			sourceTree = "<group>";
		};
		A6033E702A12E3B5002B56EE /* Worker */ = {
			isa = PBXGroup;
			children = (
				A61A8F852A143668009D08EE /* LoginWorker.swift */,
			);
			path = Worker;
			sourceTree = "<group>";
		};
		A6033E712A12E3BA002B56EE /* Presenter */ = {
			isa = PBXGroup;
			children = (
				A61A8F872A143906009D08EE /* LoginPresenter.swift */,
			);
			path = Presenter;
			sourceTree = "<group>";
		};
		A6033E722A12E3C0002B56EE /* Factory */ = {
			isa = PBXGroup;
			children = (
				A61A8F892A143A74009D08EE /* LoginFactory.swift */,
			);
			path = Factory;
			sourceTree = "<group>";
		};
		A6033E732A12E3D3002B56EE /* Interactor */ = {
			isa = PBXGroup;
			children = (
				A61A8F7F2A143559009D08EE /* LoginInteractor.swift */,
			);
			path = Interactor;
			sourceTree = "<group>";
		};
		A6033E762A12E579002B56EE /* Utils */ = {
			isa = PBXGroup;
			children = (
				A61A8F7A2A14326E009D08EE /* Extensions */,
				A6033E772A12E57E002B56EE /* Components */,
			);
			path = Utils;
			sourceTree = "<group>";
		};
		A6033E772A12E57E002B56EE /* Components */ = {
			isa = PBXGroup;
			children = (
				A6993E3C2A2E99C800C2BDE3 /* PickerComponent */,
				A61A8F8E2A144178009D08EE /* ErrorComponent */,
				A6033E782A12E590002B56EE /* TextFieldComponent */,
			);
			path = Components;
			sourceTree = "<group>";
		};
		A6033E782A12E590002B56EE /* TextFieldComponent */ = {
			isa = PBXGroup;
			children = (
				A6033E792A12E5A9002B56EE /* TextFieldComponentView.swift */,
			);
			path = TextFieldComponent;
			sourceTree = "<group>";
		};
		A61A8F7A2A14326E009D08EE /* Extensions */ = {
			isa = PBXGroup;
			children = (
				A61A8F7B2A14327E009D08EE /* UIView.swift */,
				A6E5BB372A1D8CCA00ADE47F /* UIStackView.swift */,
				A6993E0E2A2BA10500C2BDE3 /* UIColor.swift */,
			);
			path = Extensions;
			sourceTree = "<group>";
		};
		A61A8F8E2A144178009D08EE /* ErrorComponent */ = {
			isa = PBXGroup;
			children = (
				A61A8F8F2A14418B009D08EE /* ErrorComponentView.swift */,
				A61A8F912A144251009D08EE /* ErrorComponentViewModel.swift */,
				A61A8F8C2A144175009D08EE /* ErrorComponentViewController.swift */,
			);
			path = ErrorComponent;
			sourceTree = "<group>";
		};
		A61A8F932A1C1D32009D08EE /* ForgotPassword */ = {
			isa = PBXGroup;
			children = (
				A61A8F992A1C1E00009D08EE /* Worker */,
				A61A8F982A1C1DFB009D08EE /* View */,
				A61A8F972A1C1DF7009D08EE /* Presenter */,
				A61A8F962A1C1DF0009D08EE /* Interactor */,
				A61A8F952A1C1DEB009D08EE /* Factory  */,
				A61A8F942A1C1DE4009D08EE /* Coordinator */,
			);
			path = ForgotPassword;
			sourceTree = "<group>";
		};
		A61A8F942A1C1DE4009D08EE /* Coordinator */ = {
			isa = PBXGroup;
			children = (
				A61A8FA22A1C2299009D08EE /* ForgotPasswordCoordinator.swift */,
			);
			path = Coordinator;
			sourceTree = "<group>";
		};
		A61A8F952A1C1DEB009D08EE /* Factory  */ = {
			isa = PBXGroup;
			children = (
				A61A8FA82A1C2918009D08EE /* ForgotPasswordFactory.swift */,
			);
			path = "Factory ";
			sourceTree = "<group>";
		};
		A61A8F962A1C1DF0009D08EE /* Interactor */ = {
			isa = PBXGroup;
			children = (
				A61A8FA02A1C21FA009D08EE /* ForgotPasswordInteractor.swift */,
			);
			path = Interactor;
			sourceTree = "<group>";
		};
		A61A8F972A1C1DF7009D08EE /* Presenter */ = {
			isa = PBXGroup;
			children = (
				A61A8FA62A1C27E2009D08EE /* ForgotPasswordPresenter.swift */,
			);
			path = Presenter;
			sourceTree = "<group>";
		};
		A61A8F982A1C1DFB009D08EE /* View */ = {
			isa = PBXGroup;
			children = (
				A61A8F9B2A1C1E21009D08EE /* ForgotPasswordView.swift */,
				A61A8F9E2A1C20FA009D08EE /* ForgotPasswordViewController.swift */,
			);
			path = View;
			sourceTree = "<group>";
		};
		A61A8F992A1C1E00009D08EE /* Worker */ = {
			isa = PBXGroup;
			children = (
				A61A8FA42A1C23C3009D08EE /* ForgotPasswordWorker.swift */,
			);
			path = Worker;
			sourceTree = "<group>";
		};
		A61A8FAA2A1C2DA8009D08EE /* Home */ = {
			isa = PBXGroup;
			children = (
				A61A8FB02A1C2DD8009D08EE /* Coordinator */,
				A61A8FAF2A1C2DD1009D08EE /* Factory */,
				A61A8FAE2A1C2DC9009D08EE /* Interactor */,
				A61A8FBC2A1C3016009D08EE /* InternalComponents */,
				A61A8FB32A1C2E20009D08EE /* Model */,
				A61A8FAD2A1C2DC4009D08EE /* Presenter */,
				A61A8FAC2A1C2DC0009D08EE /* View */,
			);
			path = Home;
			sourceTree = "<group>";
		};
		A61A8FAC2A1C2DC0009D08EE /* View */ = {
			isa = PBXGroup;
			children = (
				A61A8FB12A1C2DE8009D08EE /* HomeView.swift */,
				A6E5BB3F2A1EB88900ADE47F /* HomeViewController.swift */,
			);
			path = View;
			sourceTree = "<group>";
		};
		A61A8FAD2A1C2DC4009D08EE /* Presenter */ = {
			isa = PBXGroup;
			children = (
				A6E0E9ED2A202B3D00121515 /* HomePresenter.swift */,
			);
			path = Presenter;
			sourceTree = "<group>";
		};
		A61A8FAE2A1C2DC9009D08EE /* Interactor */ = {
			isa = PBXGroup;
			children = (
				A6E0E9EB2A202A7C00121515 /* HomeInteractor.swift */,
			);
			path = Interactor;
			sourceTree = "<group>";
		};
		A61A8FAF2A1C2DD1009D08EE /* Factory */ = {
			isa = PBXGroup;
			children = (
				A6E0E9F12A20327600121515 /* HomeFactory.swift */,
			);
			path = Factory;
			sourceTree = "<group>";
		};
		A61A8FB02A1C2DD8009D08EE /* Coordinator */ = {
			isa = PBXGroup;
			children = (
				A6E0E9E92A202A0500121515 /* HomeCoordinator.swift */,
			);
			path = Coordinator;
			sourceTree = "<group>";
		};
		A61A8FB32A1C2E20009D08EE /* Model */ = {
			isa = PBXGroup;
			children = (
				A61A8FB42A1C2E2B009D08EE /* UserModel.swift */,
				A6E5BB2E2A1D889E00ADE47F /* HomeViewModel.swift */,
			);
			path = Model;
			sourceTree = "<group>";
		};
		A61A8FB62A1C2F2D009D08EE /* InternalLink */ = {
			isa = PBXGroup;
			children = (
				A61A8FB72A1C2F3D009D08EE /* Model */,
			);
			path = InternalLink;
			sourceTree = "<group>";
		};
		A61A8FB72A1C2F3D009D08EE /* Model */ = {
			isa = PBXGroup;
			children = (
				A61A8FB92A1C2F53009D08EE /* InternalLinkRedirect.swift */,
			);
			path = Model;
			sourceTree = "<group>";
		};
		A61A8FBB2A1C3008009D08EE /* HomeHeader */ = {
			isa = PBXGroup;
			children = (
				A61A8FBD2A1C3031009D08EE /* HomeHeaderView.swift */,
				A61A8FBF2A1C334C009D08EE /* HomeHeaderViewModel.swift */,
			);
			path = HomeHeader;
			sourceTree = "<group>";
		};
		A61A8FBC2A1C3016009D08EE /* InternalComponents */ = {
			isa = PBXGroup;
			children = (
				A6E0E9E32A2020BB00121515 /* CurrentTeamCard */,
				A6E5BB392A1EB73800ADE47F /* MenuItem */,
				A6E5BB302A1D892A00ADE47F /* UserWarningAlert */,
				A61A8FBB2A1C3008009D08EE /* HomeHeader */,
			);
			path = InternalComponents;
			sourceTree = "<group>";
		};
		A680E1002A24103D008FA008 /* WeekTeam */ = {
			isa = PBXGroup;
			children = (
				A680E1062A241076008FA008 /* Factory */,
				A680E1052A241072008FA008 /* Interactor */,
				A6A7415F2A2550EB009A7998 /* InternalComponent */,
				A680E1082A241086008FA008 /* Model */,
				A680E1042A24106E008FA008 /* Presenter */,
				A680E1032A24106A008FA008 /* View */,
			);
			path = WeekTeam;
			sourceTree = "<group>";
		};
		A680E1012A24104C008FA008 /* Features */ = {
			isa = PBXGroup;
			children = (
				A61A8F932A1C1D32009D08EE /* ForgotPassword */,
				A6A7416B2A26B352009A7998 /* GamesHistory */,
				A61A8FAA2A1C2DA8009D08EE /* Home */,
				A61A8FB62A1C2F2D009D08EE /* InternalLink */,
				A6033E6D2A12E390002B56EE /* Login */,
				A6993E222A2BF9E900C2BDE3 /* PersonalInformation */,
				A6CFD5672A2938B700A37696 /* Ranking */,
				A6033E762A12E579002B56EE /* Utils */,
				A6033E682A12DF19002B56EE /* Welcome */,
				A680E1002A24103D008FA008 /* WeekTeam */,
			);
			path = Features;
			sourceTree = "<group>";
		};
		A680E1032A24106A008FA008 /* View */ = {
			isa = PBXGroup;
			children = (
				A680E10D2A2410EF008FA008 /* WeekTeamView.swift */,
				A680E10F2A241392008FA008 /* WeekTeamViewController.swift */,
			);
			path = View;
			sourceTree = "<group>";
		};
		A680E1042A24106E008FA008 /* Presenter */ = {
			isa = PBXGroup;
			children = (
				A6A741672A2562C3009A7998 /* WeekTeamPresenter.swift */,
			);
			path = Presenter;
			sourceTree = "<group>";
		};
		A680E1052A241072008FA008 /* Interactor */ = {
			isa = PBXGroup;
			children = (
				A6A741652A2561ED009A7998 /* WeekTeamInteractor.swift */,
			);
			path = Interactor;
			sourceTree = "<group>";
		};
		A680E1062A241076008FA008 /* Factory */ = {
			isa = PBXGroup;
			children = (
				A6A741692A2566DA009A7998 /* WeekTeamFactory.swift */,
			);
			path = Factory;
			sourceTree = "<group>";
		};
		A680E1082A241086008FA008 /* Model */ = {
			isa = PBXGroup;
			children = (
				A680E1092A24109F008FA008 /* Team.swift */,
				A680E10B2A2410AA008FA008 /* WeekTeamViewModel.swift */,
			);
			path = Model;
			sourceTree = "<group>";
		};
		A6993E122A2BA5A600C2BDE3 /* Model */ = {
			isa = PBXGroup;
			children = (
				A6993E132A2BA5B400C2BDE3 /* RankingViewModel.swift */,
			);
			path = Model;
			sourceTree = "<group>";
		};
		A6993E1D2A2BBCB800C2BDE3 /* Coordinator */ = {
			isa = PBXGroup;
			children = (
				A6993E1E2A2BBCC300C2BDE3 /* RankingCoordinator.swift */,
			);
			path = Coordinator;
			sourceTree = "<group>";
		};
		A6993E222A2BF9E900C2BDE3 /* PersonalInformation */ = {
			isa = PBXGroup;
			children = (
				A6993E2A2A2BFA2E00C2BDE3 /* Coordinator */,
				A6993E292A2BFA2700C2BDE3 /* Factory */,
				A6993E282A2BFA2300C2BDE3 /* Model */,
				A6993E272A2BFA1D00C2BDE3 /* Interactor */,
				A6993E252A2BFA1100C2BDE3 /* Presenter */,
				A6993E242A2BFA0D00C2BDE3 /* View */,
				A6993E232A2BFA0600C2BDE3 /* Worker */,
			);
			path = PersonalInformation;
			sourceTree = "<group>";
		};
		A6993E232A2BFA0600C2BDE3 /* Worker */ = {
			isa = PBXGroup;
			children = (
				A6993E302A2BFB2900C2BDE3 /* PersonalInformationsWorker.swift */,
			);
			path = Worker;
			sourceTree = "<group>";
		};
		A6993E242A2BFA0D00C2BDE3 /* View */ = {
			isa = PBXGroup;
			children = (
				A6993E2B2A2BFB0100C2BDE3 /* PersonalInformationsView.swift */,
				A6993E2E2A2BFB1900C2BDE3 /* PersonalInformationsViewController.swift */,
			);
			path = View;
			sourceTree = "<group>";
		};
		A6993E252A2BFA1100C2BDE3 /* Presenter */ = {
			isa = PBXGroup;
			children = (
				A6993E322A2BFB3300C2BDE3 /* PersonalInformationsPresenter.swift */,
			);
			path = Presenter;
			sourceTree = "<group>";
		};
		A6993E272A2BFA1D00C2BDE3 /* Interactor */ = {
			isa = PBXGroup;
			children = (
				A6993E342A2BFB4300C2BDE3 /* PersonalInformationsInteractor.swift */,
			);
			path = Interactor;
			sourceTree = "<group>";
		};
		A6993E282A2BFA2300C2BDE3 /* Model */ = {
			isa = PBXGroup;
			children = (
				A6993E362A2BFB5400C2BDE3 /* PersonalInformationsViewModel.swift */,
			);
			path = Model;
			sourceTree = "<group>";
		};
		A6993E292A2BFA2700C2BDE3 /* Factory */ = {
			isa = PBXGroup;
			children = (
				A6993E382A2BFB6400C2BDE3 /* PersonalInformationsFactory.swift */,
			);
			path = Factory;
			sourceTree = "<group>";
		};
		A6993E2A2A2BFA2E00C2BDE3 /* Coordinator */ = {
			isa = PBXGroup;
			children = (
				A6993E3A2A2BFB6D00C2BDE3 /* PersonalInformationsCoordinator.swift */,
			);
			path = Coordinator;
			sourceTree = "<group>";
		};
		A6993E3C2A2E99C800C2BDE3 /* PickerComponent */ = {
			isa = PBXGroup;
			children = (
				A6993E3D2A2E99D500C2BDE3 /* PickerComponent.swift */,
			);
			path = PickerComponent;
			sourceTree = "<group>";
		};
		A6A7415F2A2550EB009A7998 /* InternalComponent */ = {
			isa = PBXGroup;
			children = (
				A6A741602A2550FF009A7998 /* WeekTeamListItemView.swift */,
				A6A741632A255360009A7998 /* WeekTeamListViewModel.swift */,
			);
			path = InternalComponent;
			sourceTree = "<group>";
		};
		A6A7416B2A26B352009A7998 /* GamesHistory */ = {
			isa = PBXGroup;
			children = (
				A6A741882A26C2EA009A7998 /* Coordinator */,
				A6A741722A26B38A009A7998 /* Factory */,
				A6A741712A26B382009A7998 /* Interactor */,
				A6A741702A26B37A009A7998 /* InternalComponents */,
				A6A7416F2A26B375009A7998 /* Presenter */,
				A6A7416E2A26B372009A7998 /* View */,
				A6A7416D2A26B36D009A7998 /* Worker */,
			);
			path = GamesHistory;
			sourceTree = "<group>";
		};
		A6A7416D2A26B36D009A7998 /* Worker */ = {
			isa = PBXGroup;
			children = (
				A6A741822A26C183009A7998 /* GamesHistoryWorker.swift */,
			);
			path = Worker;
			sourceTree = "<group>";
		};
		A6A7416E2A26B372009A7998 /* View */ = {
			isa = PBXGroup;
			children = (
				A6A741742A26B39B009A7998 /* GamesHistoryView.swift */,
				A6A741782A26B3BB009A7998 /* GamesHistoryViewController.swift */,
			);
			path = View;
			sourceTree = "<group>";
		};
		A6A7416F2A26B375009A7998 /* Presenter */ = {
			isa = PBXGroup;
			children = (
				A6A741862A26C2B7009A7998 /* GamesHistoryPresenter.swift */,
			);
			path = Presenter;
			sourceTree = "<group>";
		};
		A6A741702A26B37A009A7998 /* InternalComponents */ = {
			isa = PBXGroup;
			children = (
				A6A7417A2A26B3CF009A7998 /* GameCard */,
			);
			path = InternalComponents;
			sourceTree = "<group>";
		};
		A6A741712A26B382009A7998 /* Interactor */ = {
			isa = PBXGroup;
			children = (
				A6A741802A26C121009A7998 /* GamesHistoryInteractor.swift */,
			);
			path = Interactor;
			sourceTree = "<group>";
		};
		A6A741722A26B38A009A7998 /* Factory */ = {
			isa = PBXGroup;
			children = (
				A6A7418B2A26C4B3009A7998 /* GameHistoryViewFactory.swift */,
			);
			path = Factory;
			sourceTree = "<group>";
		};
		A6A7417A2A26B3CF009A7998 /* GameCard */ = {
			isa = PBXGroup;
			children = (
				A6A7417C2A26B470009A7998 /* GameCardView.swift */,
				A6A7417E2A26B794009A7998 /* GameCardViewModel.swift */,
			);
			path = GameCard;
			sourceTree = "<group>";
		};
		A6A741882A26C2EA009A7998 /* Coordinator */ = {
			isa = PBXGroup;
			children = (
				A6A741892A26C2F6009A7998 /* GamesHistoryCoordinator.swift */,
			);
			path = Coordinator;
			sourceTree = "<group>";
		};
		A6CFD5672A2938B700A37696 /* Ranking */ = {
			isa = PBXGroup;
			children = (
				A6993E1D2A2BBCB800C2BDE3 /* Coordinator */,
				A6CFD56D2A2938E500A37696 /* Factory */,
				A6993E122A2BA5A600C2BDE3 /* Model */,
				A6CFD56B2A2938D900A37696 /* Interactor */,
				A6CFD5742A29396000A37696 /* InternalComponents */,
				A6CFD56A2A2938D500A37696 /* Presenter */,
				A6CFD5692A2938D100A37696 /* View */,
				A6CFD5682A2938CC00A37696 /* Worker */,
			);
			path = Ranking;
			sourceTree = "<group>";
		};
		A6CFD5682A2938CC00A37696 /* Worker */ = {
			isa = PBXGroup;
			children = (
				A6993E192A2BB5A700C2BDE3 /* RankingWorker.swift */,
			);
			path = Worker;
			sourceTree = "<group>";
		};
		A6CFD5692A2938D100A37696 /* View */ = {
			isa = PBXGroup;
			children = (
				A6CFD5722A29395900A37696 /* RankingView.swift */,
				A6CFD56F2A29394B00A37696 /* RankingViewController.swift */,
			);
			path = View;
			sourceTree = "<group>";
		};
		A6CFD56A2A2938D500A37696 /* Presenter */ = {
			isa = PBXGroup;
			children = (
				A6993E1B2A2BBB5C00C2BDE3 /* RankingPresenter.swift */,
			);
			path = Presenter;
			sourceTree = "<group>";
		};
		A6CFD56B2A2938D900A37696 /* Interactor */ = {
			isa = PBXGroup;
			children = (
				A6993E172A2BB53B00C2BDE3 /* RankingInteractor.swift */,
			);
			path = Interactor;
			sourceTree = "<group>";
		};
		A6CFD56D2A2938E500A37696 /* Factory */ = {
			isa = PBXGroup;
			children = (
				A6993E202A2BBEF900C2BDE3 /* RankingFactory.swift */,
			);
			path = Factory;
			sourceTree = "<group>";
		};
		A6CFD5742A29396000A37696 /* InternalComponents */ = {
			isa = PBXGroup;
			children = (
				A6CFD5802A293E8100A37696 /* BarAndTrophy */,
				A6CFD5792A2939DD00A37696 /* CommonnPlaces */,
				A6CFD5782A2939CE00A37696 /* FirstPlacesDifferent */,
				A6CFD5772A2939C200A37696 /* FirstPlaceGift */,
			);
			path = InternalComponents;
			sourceTree = "<group>";
		};
		A6CFD5772A2939C200A37696 /* FirstPlaceGift */ = {
			isa = PBXGroup;
			children = (
				A6CFD5752A29397C00A37696 /* FirstPlacesGiftsView.swift */,
				A6993E102A2BA46700C2BDE3 /* FirstPlaceGiftsViewModel.swift */,
			);
			path = FirstPlaceGift;
			sourceTree = "<group>";
		};
		A6CFD5782A2939CE00A37696 /* FirstPlacesDifferent */ = {
			isa = PBXGroup;
			children = (
				A6CFD57A2A2939FD00A37696 /* FirstPlacesDifferentView.swift */,
			);
			path = FirstPlacesDifferent;
			sourceTree = "<group>";
		};
		A6CFD5792A2939DD00A37696 /* CommonnPlaces */ = {
			isa = PBXGroup;
			children = (
				A6CFD57C2A293A0600A37696 /* CommonnPlacesView.swift */,
				A6993E152A2BA60700C2BDE3 /* CommonnPlacesViewModel.swift */,
			);
			path = CommonnPlaces;
			sourceTree = "<group>";
		};
		A6CFD5802A293E8100A37696 /* BarAndTrophy */ = {
			isa = PBXGroup;
			children = (
				A6CFD57E2A293A8500A37696 /* BarAndThrophyView.swift */,
				A6CFD5822A293EAF00A37696 /* BarAndTrophyViewModel.swift */,
			);
			path = BarAndTrophy;
			sourceTree = "<group>";
		};
		A6E0E9E32A2020BB00121515 /* CurrentTeamCard */ = {
			isa = PBXGroup;
			children = (
				A6E0E9E42A2020CF00121515 /* CurrentTeamCardView.swift */,
			);
			path = CurrentTeamCard;
			sourceTree = "<group>";
		};
		A6E5BB302A1D892A00ADE47F /* UserWarningAlert */ = {
			isa = PBXGroup;
			children = (
				A6E5BB312A1D893A00ADE47F /* UserAlertWarningViewModel.swift */,
				A6E5BB352A1D89AF00ADE47F /* UserAlertWarningView.swift */,
			);
			path = UserWarningAlert;
			sourceTree = "<group>";
		};
		A6E5BB392A1EB73800ADE47F /* MenuItem */ = {
			isa = PBXGroup;
			children = (
				A6E5BB3A2A1EB74200ADE47F /* MenuItemView.swift */,
				A6E5BB3D2A1EB75500ADE47F /* MenuItemViewModel.swift */,
			);
			path = MenuItem;
			sourceTree = "<group>";
		};
/* End PBXGroup section */

/* Begin PBXNativeTarget section */
		A6033E502A12DC5D002B56EE /* PerebasFC */ = {
			isa = PBXNativeTarget;
			buildConfigurationList = A6033E652A12DC5E002B56EE /* Build configuration list for PBXNativeTarget "PerebasFC" */;
			buildPhases = (
				A6033E4D2A12DC5D002B56EE /* Sources */,
				A6033E4E2A12DC5D002B56EE /* Frameworks */,
				A6033E4F2A12DC5D002B56EE /* Resources */,
			);
			buildRules = (
			);
			dependencies = (
			);
			name = PerebasFC;
			productName = PerebasFC;
			productReference = A6033E512A12DC5D002B56EE /* PerebasFC.app */;
			productType = "com.apple.product-type.application";
		};
/* End PBXNativeTarget section */

/* Begin PBXProject section */
		A6033E492A12DC5D002B56EE /* Project object */ = {
			isa = PBXProject;
			attributes = {
				BuildIndependentTargetsInParallel = 1;
				LastSwiftUpdateCheck = 1430;
				LastUpgradeCheck = 1430;
				TargetAttributes = {
					A6033E502A12DC5D002B56EE = {
						CreatedOnToolsVersion = 14.3;
					};
				};
			};
			buildConfigurationList = A6033E4C2A12DC5D002B56EE /* Build configuration list for PBXProject "PerebasFC" */;
			compatibilityVersion = "Xcode 14.0";
			developmentRegion = en;
			hasScannedForEncodings = 0;
			knownRegions = (
				en,
				Base,
			);
			mainGroup = A6033E482A12DC5D002B56EE;
			productRefGroup = A6033E522A12DC5D002B56EE /* Products */;
			projectDirPath = "";
			projectRoot = "";
			targets = (
				A6033E502A12DC5D002B56EE /* PerebasFC */,
			);
		};
/* End PBXProject section */

/* Begin PBXResourcesBuildPhase section */
		A6033E4F2A12DC5D002B56EE /* Resources */ = {
			isa = PBXResourcesBuildPhase;
			buildActionMask = 2147483647;
			files = (
				A6033E612A12DC5E002B56EE /* LaunchScreen.storyboard in Resources */,
				A6033E5E2A12DC5E002B56EE /* Assets.xcassets in Resources */,
			);
			runOnlyForDeploymentPostprocessing = 0;
		};
/* End PBXResourcesBuildPhase section */

/* Begin PBXSourcesBuildPhase section */
		A6033E4D2A12DC5D002B56EE /* Sources */ = {
			isa = PBXSourcesBuildPhase;
			buildActionMask = 2147483647;
			files = (
				A61A8F7E2A14345F009D08EE /* LoginViewController.swift in Sources */,
				A6033E592A12DC5D002B56EE /* WelcomeViewController.swift in Sources */,
				A61A8FBE2A1C3031009D08EE /* HomeHeaderView.swift in Sources */,
				A6E5BB402A1EB88900ADE47F /* HomeViewController.swift in Sources */,
				A61A8F9C2A1C1E21009D08EE /* ForgotPasswordView.swift in Sources */,
				A6E5BB3E2A1EB75500ADE47F /* MenuItemViewModel.swift in Sources */,
				A61A8F8A2A143A74009D08EE /* LoginFactory.swift in Sources */,
				A6A741752A26B39B009A7998 /* GamesHistoryView.swift in Sources */,
				A6993E3B2A2BFB6D00C2BDE3 /* PersonalInformationsCoordinator.swift in Sources */,
				A6033E7A2A12E5A9002B56EE /* TextFieldComponentView.swift in Sources */,
				A6993E1F2A2BBCC300C2BDE3 /* RankingCoordinator.swift in Sources */,
				A6993E0F2A2BA10500C2BDE3 /* UIColor.swift in Sources */,
				A6033E6C2A12DF32002B56EE /* WelcomeView.swift in Sources */,
				A6E5BB362A1D89AF00ADE47F /* UserAlertWarningView.swift in Sources */,
				A6A741642A255360009A7998 /* WeekTeamListViewModel.swift in Sources */,
				A61A8F882A143906009D08EE /* LoginPresenter.swift in Sources */,
				A6993E372A2BFB5400C2BDE3 /* PersonalInformationsViewModel.swift in Sources */,
				A61A8FBA2A1C2F54009D08EE /* InternalLinkRedirect.swift in Sources */,
				A6A741792A26B3BB009A7998 /* GamesHistoryViewController.swift in Sources */,
				A6CFD57D2A293A0600A37696 /* CommonnPlacesView.swift in Sources */,
				A61A8FA52A1C23C3009D08EE /* ForgotPasswordWorker.swift in Sources */,
				A6993E2F2A2BFB1900C2BDE3 /* PersonalInformationsViewController.swift in Sources */,
				A61A8F802A143559009D08EE /* LoginInteractor.swift in Sources */,
				A6E5BB3B2A1EB74200ADE47F /* MenuItemView.swift in Sources */,
				A6CFD57B2A2939FD00A37696 /* FirstPlacesDifferentView.swift in Sources */,
				A6A741612A2550FF009A7998 /* WeekTeamListItemView.swift in Sources */,
				A6E5BB322A1D893A00ADE47F /* UserAlertWarningViewModel.swift in Sources */,
				A61A8F862A143668009D08EE /* LoginWorker.swift in Sources */,
				A61A8FB52A1C2E2B009D08EE /* UserModel.swift in Sources */,
				A6993E3E2A2E99D500C2BDE3 /* PickerComponent.swift in Sources */,
				A61A8FA92A1C2918009D08EE /* ForgotPasswordFactory.swift in Sources */,
				A6993E142A2BA5B400C2BDE3 /* RankingViewModel.swift in Sources */,
				A6E0E9E52A2020CF00121515 /* CurrentTeamCardView.swift in Sources */,
				A61A8FA72A1C27E2009D08EE /* ForgotPasswordPresenter.swift in Sources */,
				A6033E752A12E416002B56EE /* LoginView.swift in Sources */,
				A61A8FA12A1C21FA009D08EE /* ForgotPasswordInteractor.swift in Sources */,
				A6E0E9F22A20327600121515 /* HomeFactory.swift in Sources */,
				A6993E392A2BFB6400C2BDE3 /* PersonalInformationsFactory.swift in Sources */,
				A6A741832A26C183009A7998 /* GamesHistoryWorker.swift in Sources */,
				A61A8F902A14418B009D08EE /* ErrorComponentView.swift in Sources */,
				A6993E2C2A2BFB0100C2BDE3 /* PersonalInformationsView.swift in Sources */,
				A6A7418C2A26C4B3009A7998 /* GameHistoryViewFactory.swift in Sources */,
				A6A7416A2A2566DA009A7998 /* WeekTeamFactory.swift in Sources */,
				A680E10C2A2410AA008FA008 /* WeekTeamViewModel.swift in Sources */,
				A6993E312A2BFB2900C2BDE3 /* PersonalInformationsWorker.swift in Sources */,
				A6E0E9EC2A202A7C00121515 /* HomeInteractor.swift in Sources */,
				A61A8F9F2A1C20FA009D08EE /* ForgotPasswordViewController.swift in Sources */,
				A61A8F822A1435EB009D08EE /* LoginCoordinator.swift in Sources */,
				A6A7418A2A26C2F6009A7998 /* GamesHistoryCoordinator.swift in Sources */,
				A680E10A2A24109F008FA008 /* Team.swift in Sources */,
				A6A741812A26C121009A7998 /* GamesHistoryInteractor.swift in Sources */,
				A61A8F8D2A144175009D08EE /* ErrorComponentViewController.swift in Sources */,
				A61A8F7C2A14327E009D08EE /* UIView.swift in Sources */,
				A6993E212A2BBEF900C2BDE3 /* RankingFactory.swift in Sources */,
				A6CFD5702A29394B00A37696 /* RankingViewController.swift in Sources */,
				A6A7417D2A26B470009A7998 /* GameCardView.swift in Sources */,
				A6A741872A26C2B7009A7998 /* GamesHistoryPresenter.swift in Sources */,
				A6993E1C2A2BBB5C00C2BDE3 /* RankingPresenter.swift in Sources */,
				A6993E112A2BA46700C2BDE3 /* FirstPlaceGiftsViewModel.swift in Sources */,
				A6993E352A2BFB4300C2BDE3 /* PersonalInformationsInteractor.swift in Sources */,
				A680E1102A241392008FA008 /* WeekTeamViewController.swift in Sources */,
				A61A8FC02A1C334C009D08EE /* HomeHeaderViewModel.swift in Sources */,
				A6CFD5832A293EAF00A37696 /* BarAndTrophyViewModel.swift in Sources */,
				A6E0E9EA2A202A0500121515 /* HomeCoordinator.swift in Sources */,
				A6E5BB2F2A1D889E00ADE47F /* HomeViewModel.swift in Sources */,
				A6A7417F2A26B794009A7998 /* GameCardViewModel.swift in Sources */,
				A6993E1A2A2BB5A700C2BDE3 /* RankingWorker.swift in Sources */,
				A6CFD5762A29397C00A37696 /* FirstPlacesGiftsView.swift in Sources */,
				A61A8F922A144251009D08EE /* ErrorComponentViewModel.swift in Sources */,
				A6E0E9EE2A202B3D00121515 /* HomePresenter.swift in Sources */,
				A6993E162A2BA60700C2BDE3 /* CommonnPlacesViewModel.swift in Sources */,
				A6CFD57F2A293A8500A37696 /* BarAndThrophyView.swift in Sources */,
				A6E5BB382A1D8CCA00ADE47F /* UIStackView.swift in Sources */,
				A6CFD5732A29395900A37696 /* RankingView.swift in Sources */,
				A61A8FA32A1C2299009D08EE /* ForgotPasswordCoordinator.swift in Sources */,
				A6993E182A2BB53B00C2BDE3 /* RankingInteractor.swift in Sources */,
				A6993E332A2BFB3300C2BDE3 /* PersonalInformationsPresenter.swift in Sources */,
				A6A741682A2562C3009A7998 /* WeekTeamPresenter.swift in Sources */,
				A61A8FB22A1C2DE8009D08EE /* HomeView.swift in Sources */,
				A6A741662A2561ED009A7998 /* WeekTeamInteractor.swift in Sources */,
				A6033E552A12DC5D002B56EE /* AppDelegate.swift in Sources */,
				A680E10E2A2410EF008FA008 /* WeekTeamView.swift in Sources */,
			);
			runOnlyForDeploymentPostprocessing = 0;
		};
/* End PBXSourcesBuildPhase section */

/* Begin PBXVariantGroup section */
		A6033E5F2A12DC5E002B56EE /* LaunchScreen.storyboard */ = {
			isa = PBXVariantGroup;
			children = (
				A6033E602A12DC5E002B56EE /* Base */,
			);
			name = LaunchScreen.storyboard;
			sourceTree = "<group>";
		};
/* End PBXVariantGroup section */

/* Begin XCBuildConfiguration section */
		A6033E632A12DC5E002B56EE /* Debug */ = {
			isa = XCBuildConfiguration;
			buildSettings = {
				ALWAYS_SEARCH_USER_PATHS = NO;
				CLANG_ANALYZER_NONNULL = YES;
				CLANG_ANALYZER_NUMBER_OBJECT_CONVERSION = YES_AGGRESSIVE;
				CLANG_CXX_LANGUAGE_STANDARD = "gnu++20";
				CLANG_ENABLE_MODULES = YES;
				CLANG_ENABLE_OBJC_ARC = YES;
				CLANG_ENABLE_OBJC_WEAK = YES;
				CLANG_WARN_BLOCK_CAPTURE_AUTORELEASING = YES;
				CLANG_WARN_BOOL_CONVERSION = YES;
				CLANG_WARN_COMMA = YES;
				CLANG_WARN_CONSTANT_CONVERSION = YES;
				CLANG_WARN_DEPRECATED_OBJC_IMPLEMENTATIONS = YES;
				CLANG_WARN_DIRECT_OBJC_ISA_USAGE = YES_ERROR;
				CLANG_WARN_DOCUMENTATION_COMMENTS = YES;
				CLANG_WARN_EMPTY_BODY = YES;
				CLANG_WARN_ENUM_CONVERSION = YES;
				CLANG_WARN_INFINITE_RECURSION = YES;
				CLANG_WARN_INT_CONVERSION = YES;
				CLANG_WARN_NON_LITERAL_NULL_CONVERSION = YES;
				CLANG_WARN_OBJC_IMPLICIT_RETAIN_SELF = YES;
				CLANG_WARN_OBJC_LITERAL_CONVERSION = YES;
				CLANG_WARN_OBJC_ROOT_CLASS = YES_ERROR;
				CLANG_WARN_QUOTED_INCLUDE_IN_FRAMEWORK_HEADER = YES;
				CLANG_WARN_RANGE_LOOP_ANALYSIS = YES;
				CLANG_WARN_STRICT_PROTOTYPES = YES;
				CLANG_WARN_SUSPICIOUS_MOVE = YES;
				CLANG_WARN_UNGUARDED_AVAILABILITY = YES_AGGRESSIVE;
				CLANG_WARN_UNREACHABLE_CODE = YES;
				CLANG_WARN__DUPLICATE_METHOD_MATCH = YES;
				COPY_PHASE_STRIP = NO;
				DEBUG_INFORMATION_FORMAT = dwarf;
				ENABLE_STRICT_OBJC_MSGSEND = YES;
				ENABLE_TESTABILITY = YES;
				GCC_C_LANGUAGE_STANDARD = gnu11;
				GCC_DYNAMIC_NO_PIC = NO;
				GCC_NO_COMMON_BLOCKS = YES;
				GCC_OPTIMIZATION_LEVEL = 0;
				GCC_PREPROCESSOR_DEFINITIONS = (
					"DEBUG=1",
					"$(inherited)",
				);
				GCC_WARN_64_TO_32_BIT_CONVERSION = YES;
				GCC_WARN_ABOUT_RETURN_TYPE = YES_ERROR;
				GCC_WARN_UNDECLARED_SELECTOR = YES;
				GCC_WARN_UNINITIALIZED_AUTOS = YES_AGGRESSIVE;
				GCC_WARN_UNUSED_FUNCTION = YES;
				GCC_WARN_UNUSED_VARIABLE = YES;
				IPHONEOS_DEPLOYMENT_TARGET = 16.4;
				MTL_ENABLE_DEBUG_INFO = INCLUDE_SOURCE;
				MTL_FAST_MATH = YES;
				ONLY_ACTIVE_ARCH = YES;
				SDKROOT = iphoneos;
				SWIFT_ACTIVE_COMPILATION_CONDITIONS = DEBUG;
				SWIFT_OPTIMIZATION_LEVEL = "-Onone";
			};
			name = Debug;
		};
		A6033E642A12DC5E002B56EE /* Release */ = {
			isa = XCBuildConfiguration;
			buildSettings = {
				ALWAYS_SEARCH_USER_PATHS = NO;
				CLANG_ANALYZER_NONNULL = YES;
				CLANG_ANALYZER_NUMBER_OBJECT_CONVERSION = YES_AGGRESSIVE;
				CLANG_CXX_LANGUAGE_STANDARD = "gnu++20";
				CLANG_ENABLE_MODULES = YES;
				CLANG_ENABLE_OBJC_ARC = YES;
				CLANG_ENABLE_OBJC_WEAK = YES;
				CLANG_WARN_BLOCK_CAPTURE_AUTORELEASING = YES;
				CLANG_WARN_BOOL_CONVERSION = YES;
				CLANG_WARN_COMMA = YES;
				CLANG_WARN_CONSTANT_CONVERSION = YES;
				CLANG_WARN_DEPRECATED_OBJC_IMPLEMENTATIONS = YES;
				CLANG_WARN_DIRECT_OBJC_ISA_USAGE = YES_ERROR;
				CLANG_WARN_DOCUMENTATION_COMMENTS = YES;
				CLANG_WARN_EMPTY_BODY = YES;
				CLANG_WARN_ENUM_CONVERSION = YES;
				CLANG_WARN_INFINITE_RECURSION = YES;
				CLANG_WARN_INT_CONVERSION = YES;
				CLANG_WARN_NON_LITERAL_NULL_CONVERSION = YES;
				CLANG_WARN_OBJC_IMPLICIT_RETAIN_SELF = YES;
				CLANG_WARN_OBJC_LITERAL_CONVERSION = YES;
				CLANG_WARN_OBJC_ROOT_CLASS = YES_ERROR;
				CLANG_WARN_QUOTED_INCLUDE_IN_FRAMEWORK_HEADER = YES;
				CLANG_WARN_RANGE_LOOP_ANALYSIS = YES;
				CLANG_WARN_STRICT_PROTOTYPES = YES;
				CLANG_WARN_SUSPICIOUS_MOVE = YES;
				CLANG_WARN_UNGUARDED_AVAILABILITY = YES_AGGRESSIVE;
				CLANG_WARN_UNREACHABLE_CODE = YES;
				CLANG_WARN__DUPLICATE_METHOD_MATCH = YES;
				COPY_PHASE_STRIP = NO;
				DEBUG_INFORMATION_FORMAT = "dwarf-with-dsym";
				ENABLE_NS_ASSERTIONS = NO;
				ENABLE_STRICT_OBJC_MSGSEND = YES;
				GCC_C_LANGUAGE_STANDARD = gnu11;
				GCC_NO_COMMON_BLOCKS = YES;
				GCC_WARN_64_TO_32_BIT_CONVERSION = YES;
				GCC_WARN_ABOUT_RETURN_TYPE = YES_ERROR;
				GCC_WARN_UNDECLARED_SELECTOR = YES;
				GCC_WARN_UNINITIALIZED_AUTOS = YES_AGGRESSIVE;
				GCC_WARN_UNUSED_FUNCTION = YES;
				GCC_WARN_UNUSED_VARIABLE = YES;
				IPHONEOS_DEPLOYMENT_TARGET = 16.4;
				MTL_ENABLE_DEBUG_INFO = NO;
				MTL_FAST_MATH = YES;
				SDKROOT = iphoneos;
				SWIFT_COMPILATION_MODE = wholemodule;
				SWIFT_OPTIMIZATION_LEVEL = "-O";
				VALIDATE_PRODUCT = YES;
			};
			name = Release;
		};
		A6033E662A12DC5E002B56EE /* Debug */ = {
			isa = XCBuildConfiguration;
			buildSettings = {
				ASSETCATALOG_COMPILER_APPICON_NAME = AppIcon;
				ASSETCATALOG_COMPILER_GLOBAL_ACCENT_COLOR_NAME = AccentColor;
				CODE_SIGN_STYLE = Automatic;
				CURRENT_PROJECT_VERSION = 1;
				DEVELOPMENT_TEAM = BV5WQ2Z86J;
				GENERATE_INFOPLIST_FILE = YES;
				INFOPLIST_FILE = PerebasFC/Info.plist;
				INFOPLIST_KEY_UIApplicationSupportsIndirectInputEvents = YES;
				INFOPLIST_KEY_UILaunchStoryboardName = LaunchScreen;
				INFOPLIST_KEY_UISupportedInterfaceOrientations_iPad = "UIInterfaceOrientationPortrait UIInterfaceOrientationPortraitUpsideDown UIInterfaceOrientationLandscapeLeft UIInterfaceOrientationLandscapeRight";
				INFOPLIST_KEY_UISupportedInterfaceOrientations_iPhone = "UIInterfaceOrientationPortrait UIInterfaceOrientationLandscapeLeft UIInterfaceOrientationLandscapeRight";
				IPHONEOS_DEPLOYMENT_TARGET = 15.0;
				LD_RUNPATH_SEARCH_PATHS = (
					"$(inherited)",
					"@executable_path/Frameworks",
				);
				MARKETING_VERSION = 1.0;
				PRODUCT_BUNDLE_IDENTIFIER = "amanda-detofol-constante.PerebasFC";
				PRODUCT_NAME = "$(TARGET_NAME)";
				SWIFT_EMIT_LOC_STRINGS = YES;
				SWIFT_VERSION = 5.0;
				TARGETED_DEVICE_FAMILY = "1,2";
			};
			name = Debug;
		};
		A6033E672A12DC5E002B56EE /* Release */ = {
			isa = XCBuildConfiguration;
			buildSettings = {
				ASSETCATALOG_COMPILER_APPICON_NAME = AppIcon;
				ASSETCATALOG_COMPILER_GLOBAL_ACCENT_COLOR_NAME = AccentColor;
				CODE_SIGN_STYLE = Automatic;
				CURRENT_PROJECT_VERSION = 1;
				DEVELOPMENT_TEAM = BV5WQ2Z86J;
				GENERATE_INFOPLIST_FILE = YES;
				INFOPLIST_FILE = PerebasFC/Info.plist;
				INFOPLIST_KEY_UIApplicationSupportsIndirectInputEvents = YES;
				INFOPLIST_KEY_UILaunchStoryboardName = LaunchScreen;
				INFOPLIST_KEY_UISupportedInterfaceOrientations_iPad = "UIInterfaceOrientationPortrait UIInterfaceOrientationPortraitUpsideDown UIInterfaceOrientationLandscapeLeft UIInterfaceOrientationLandscapeRight";
				INFOPLIST_KEY_UISupportedInterfaceOrientations_iPhone = "UIInterfaceOrientationPortrait UIInterfaceOrientationLandscapeLeft UIInterfaceOrientationLandscapeRight";
				IPHONEOS_DEPLOYMENT_TARGET = 15.0;
				LD_RUNPATH_SEARCH_PATHS = (
					"$(inherited)",
					"@executable_path/Frameworks",
				);
				MARKETING_VERSION = 1.0;
				PRODUCT_BUNDLE_IDENTIFIER = "amanda-detofol-constante.PerebasFC";
				PRODUCT_NAME = "$(TARGET_NAME)";
				SWIFT_EMIT_LOC_STRINGS = YES;
				SWIFT_VERSION = 5.0;
				TARGETED_DEVICE_FAMILY = "1,2";
			};
			name = Release;
		};
/* End XCBuildConfiguration section */

/* Begin XCConfigurationList section */
		A6033E4C2A12DC5D002B56EE /* Build configuration list for PBXProject "PerebasFC" */ = {
			isa = XCConfigurationList;
			buildConfigurations = (
				A6033E632A12DC5E002B56EE /* Debug */,
				A6033E642A12DC5E002B56EE /* Release */,
			);
			defaultConfigurationIsVisible = 0;
			defaultConfigurationName = Release;
		};
		A6033E652A12DC5E002B56EE /* Build configuration list for PBXNativeTarget "PerebasFC" */ = {
			isa = XCConfigurationList;
			buildConfigurations = (
				A6033E662A12DC5E002B56EE /* Debug */,
				A6033E672A12DC5E002B56EE /* Release */,
			);
			defaultConfigurationIsVisible = 0;
			defaultConfigurationName = Release;
		};
/* End XCConfigurationList section */
	};
	rootObject = A6033E492A12DC5D002B56EE /* Project object */;
}
